// !$*UTF8*$!
{
	archiveVersion = 1;
	classes = {
	};
	objectVersion = 77;
	objects = {

/* Begin PBXBuildFile section */
		F6004F922DEB7E30001183AE /* ElementCategorySymbols.swift in Sources */ = {isa = PBXBuildFile; fileRef = F6004F912DEB7E30001183AE /* ElementCategorySymbols.swift */; };
		F6004F962DED3F43001183AE /* Debug.swift in Sources */ = {isa = PBXBuildFile; fileRef = F6004F952DED3F43001183AE /* Debug.swift */; };
		F60AC73D2DE50E9D007863F6 /* Fredoka-Medium.ttf in Resources */ = {isa = PBXBuildFile; fileRef = F60AC73C2DE50E9D007863F6 /* Fredoka-Medium.ttf */; };
		F60C1D2F2DE6A1E000F9AA06 /* OnboardingView.swift in Sources */ = {isa = PBXBuildFile; fileRef = F6EFC2912DE6A07900D573E1 /* OnboardingView.swift */; };
		F64093F52DE66D1700906C3E /* Localizable.xcstrings in Resources */ = {isa = PBXBuildFile; fileRef = F64093F42DE66D1700906C3E /* Localizable.xcstrings */; };
		F66E0B732DE33ED800D68897 /* MapView.swift in Sources */ = {isa = PBXBuildFile; fileRef = F66E0B6F2DE33ED800D68897 /* MapView.swift */; };
		F66E0B742DE33ED800D68897 /* OpenStreetMapAttributionView.swift in Sources */ = {isa = PBXBuildFile; fileRef = F66E0B702DE33ED800D68897 /* OpenStreetMapAttributionView.swift */; };
		F66E0B752DE33ED800D68897 /* IPadLayoutView.swift in Sources */ = {isa = PBXBuildFile; fileRef = F66E0B6C2DE33ED800D68897 /* IPadLayoutView.swift */; };
		F66E0B762DE33ED800D68897 /* MapButtonsView.swift in Sources */ = {isa = PBXBuildFile; fileRef = F66E0B6E2DE33ED800D68897 /* MapButtonsView.swift */; };
		F66E0B772DE33ED800D68897 /* AnnotationView.swift in Sources */ = {isa = PBXBuildFile; fileRef = F66E0B6B2DE33ED800D68897 /* AnnotationView.swift */; };
		F66E0B782DE33ED800D68897 /* Annotation.swift in Sources */ = {isa = PBXBuildFile; fileRef = F66E0B682DE33ED800D68897 /* Annotation.swift */; };
		F66E0B792DE33ED800D68897 /* IPhoneLayoutView.swift in Sources */ = {isa = PBXBuildFile; fileRef = F66E0B6D2DE33ED800D68897 /* IPhoneLayoutView.swift */; };
		F66E0B822DE33EE600D68897 /* BusinessDetailView.swift in Sources */ = {isa = PBXBuildFile; fileRef = F66E0B7D2DE33EE600D68897 /* BusinessDetailView.swift */; };
		F66E0B832DE33EE600D68897 /* CustomiPadNavigationStackTitleView.swift in Sources */ = {isa = PBXBuildFile; fileRef = F66E0B7F2DE33EE600D68897 /* CustomiPadNavigationStackTitleView.swift */; };
		F66E0B842DE33EE600D68897 /* BusinessesListView.swift in Sources */ = {isa = PBXBuildFile; fileRef = F66E0B7E2DE33EE600D68897 /* BusinessesListView.swift */; };
		F66E0B852DE33EE600D68897 /* BottomSheetContentView.swift in Sources */ = {isa = PBXBuildFile; fileRef = F66E0B7C2DE33EE600D68897 /* BottomSheetContentView.swift */; };
		F66E0B8D2DE33EF800D68897 /* DistanceUnit.swift in Sources */ = {isa = PBXBuildFile; fileRef = F66E0B872DE33EF800D68897 /* DistanceUnit.swift */; };
		F66E0B8E2DE33EF800D68897 /* SettingsButtonView.swift in Sources */ = {isa = PBXBuildFile; fileRef = F66E0B8A2DE33EF800D68897 /* SettingsButtonView.swift */; };
		F66E0B8F2DE33EF800D68897 /* Appearance.swift in Sources */ = {isa = PBXBuildFile; fileRef = F66E0B862DE33EF800D68897 /* Appearance.swift */; };
		F66E0B902DE33EF800D68897 /* CompactSettingsPopoverView.swift in Sources */ = {isa = PBXBuildFile; fileRef = F66E0B892DE33EF800D68897 /* CompactSettingsPopoverView.swift */; };
		F66E0BA22DE33F1200D68897 /* LRUCache.swift in Sources */ = {isa = PBXBuildFile; fileRef = F66E0B952DE33F1200D68897 /* LRUCache.swift */; };
		F66E0BA32DE33F1200D68897 /* AvailablePaymentMethodsChecks.swift in Sources */ = {isa = PBXBuildFile; fileRef = F66E0B922DE33F1200D68897 /* AvailablePaymentMethodsChecks.swift */; };
		F66E0BA42DE33F1200D68897 /* IPhoneHeaderView.swift in Sources */ = {isa = PBXBuildFile; fileRef = F66E0B9E2DE33F1200D68897 /* IPhoneHeaderView.swift */; };
		F66E0BA52DE33F1200D68897 /* Extensions.swift in Sources */ = {isa = PBXBuildFile; fileRef = F66E0B942DE33F1200D68897 /* Extensions.swift */; };
		F66E0BA62DE33F1200D68897 /* BtcMapCall.swift in Sources */ = {isa = PBXBuildFile; fileRef = F66E0B932DE33F1200D68897 /* BtcMapCall.swift */; };
		F66E0BA72DE33F1200D68897 /* ContentView.swift in Sources */ = {isa = PBXBuildFile; fileRef = F66E0B9B2DE33F1200D68897 /* ContentView.swift */; };
		F66E0BA82DE33F1200D68897 /* MainView.swift in Sources */ = {isa = PBXBuildFile; fileRef = F66E0B9F2DE33F1200D68897 /* MainView.swift */; };
		F66E0BA92DE33F1200D68897 /* AboutView.swift in Sources */ = {isa = PBXBuildFile; fileRef = F66E0B9A2DE33F1200D68897 /* AboutView.swift */; };
		F66E0BAA2DE33F1200D68897 /* PreferenceKeys.swift in Sources */ = {isa = PBXBuildFile; fileRef = F66E0B962DE33F1200D68897 /* PreferenceKeys.swift */; };
		F66E0BAB2DE33F1200D68897 /* EarlierThaniOS170View.swift in Sources */ = {isa = PBXBuildFile; fileRef = F66E0B9C2DE33F1200D68897 /* EarlierThaniOS170View.swift */; };
		F66E0BAC2DE33F1200D68897 /* ContentViewModel.swift in Sources */ = {isa = PBXBuildFile; fileRef = F66E0B982DE33F1200D68897 /* ContentViewModel.swift */; };
		F66E0BAD2DE33F1200D68897 /* InfoButtonView.swift in Sources */ = {isa = PBXBuildFile; fileRef = F66E0B9D2DE33F1200D68897 /* InfoButtonView.swift */; };
		F66E0BAF2DE340CB00D68897 /* Element.swift in Sources */ = {isa = PBXBuildFile; fileRef = F66E0BAE2DE340CB00D68897 /* Element.swift */; };
		F66E0BB12DE35B9100D68897 /* AppearanceManager.swift in Sources */ = {isa = PBXBuildFile; fileRef = F66E0BB02DE35B9100D68897 /* AppearanceManager.swift */; };
		F67937612DE205E400A49AC3 /* Assets.xcassets in Resources */ = {isa = PBXBuildFile; fileRef = F67937602DE205E400A49AC3 /* Assets.xcassets */; };
		F67937662DE2065E00A49AC3 /* bitlocalApp.swift in Sources */ = {isa = PBXBuildFile; fileRef = F67937652DE2065E00A49AC3 /* bitlocalApp.swift */; };
		F67937692DE206D200A49AC3 /* CustomFonts.swift in Sources */ = {isa = PBXBuildFile; fileRef = F67937672DE206D200A49AC3 /* CustomFonts.swift */; };
		F67937782DE206F000A49AC3 /* LICENSE in Resources */ = {isa = PBXBuildFile; fileRef = F67937772DE206F000A49AC3 /* LICENSE */; };
		F6B565F72DA327BE00EE992E /* CoreLocation.framework in Frameworks */ = {isa = PBXBuildFile; fileRef = F6B565F62DA327BE00EE992E /* CoreLocation.framework */; };
		F6EFC28E2DE69FAF00D573E1 /* RootView.swift in Sources */ = {isa = PBXBuildFile; fileRef = F6EFC28D2DE69FAF00D573E1 /* RootView.swift */; };
		F6EFC2932DE6A09300D573E1 /* LoadingScreenView.swift in Sources */ = {isa = PBXBuildFile; fileRef = F6EFC2922DE6A09300D573E1 /* LoadingScreenView.swift */; };
/* End PBXBuildFile section */

/* Begin PBXFileReference section */
		F6004F912DEB7E30001183AE /* ElementCategorySymbols.swift */ = {isa = PBXFileReference; lastKnownFileType = sourcecode.swift; path = ElementCategorySymbols.swift; sourceTree = "<group>"; };
		F6004F952DED3F43001183AE /* Debug.swift */ = {isa = PBXFileReference; lastKnownFileType = sourcecode.swift; path = Debug.swift; sourceTree = "<group>"; };
		F60AC73C2DE50E9D007863F6 /* Fredoka-Medium.ttf */ = {isa = PBXFileReference; lastKnownFileType = file; path = "Fredoka-Medium.ttf"; sourceTree = "<group>"; };
		F64093F42DE66D1700906C3E /* Localizable.xcstrings */ = {isa = PBXFileReference; lastKnownFileType = text.json.xcstrings; path = Localizable.xcstrings; sourceTree = "<group>"; };
		F66E0B682DE33ED800D68897 /* Annotation.swift */ = {isa = PBXFileReference; lastKnownFileType = sourcecode.swift; path = Annotation.swift; sourceTree = "<group>"; };
		F66E0B6B2DE33ED800D68897 /* AnnotationView.swift */ = {isa = PBXFileReference; lastKnownFileType = sourcecode.swift; path = AnnotationView.swift; sourceTree = "<group>"; };
		F66E0B6C2DE33ED800D68897 /* IPadLayoutView.swift */ = {isa = PBXFileReference; lastKnownFileType = sourcecode.swift; path = IPadLayoutView.swift; sourceTree = "<group>"; };
		F66E0B6D2DE33ED800D68897 /* IPhoneLayoutView.swift */ = {isa = PBXFileReference; lastKnownFileType = sourcecode.swift; path = IPhoneLayoutView.swift; sourceTree = "<group>"; };
		F66E0B6E2DE33ED800D68897 /* MapButtonsView.swift */ = {isa = PBXFileReference; lastKnownFileType = sourcecode.swift; path = MapButtonsView.swift; sourceTree = "<group>"; };
		F66E0B6F2DE33ED800D68897 /* MapView.swift */ = {isa = PBXFileReference; lastKnownFileType = sourcecode.swift; path = MapView.swift; sourceTree = "<group>"; };
		F66E0B702DE33ED800D68897 /* OpenStreetMapAttributionView.swift */ = {isa = PBXFileReference; lastKnownFileType = sourcecode.swift; path = OpenStreetMapAttributionView.swift; sourceTree = "<group>"; };
		F66E0B7C2DE33EE600D68897 /* BottomSheetContentView.swift */ = {isa = PBXFileReference; lastKnownFileType = sourcecode.swift; path = BottomSheetContentView.swift; sourceTree = "<group>"; };
		F66E0B7D2DE33EE600D68897 /* BusinessDetailView.swift */ = {isa = PBXFileReference; lastKnownFileType = sourcecode.swift; path = BusinessDetailView.swift; sourceTree = "<group>"; };
		F66E0B7E2DE33EE600D68897 /* BusinessesListView.swift */ = {isa = PBXFileReference; lastKnownFileType = sourcecode.swift; path = BusinessesListView.swift; sourceTree = "<group>"; };
		F66E0B7F2DE33EE600D68897 /* CustomiPadNavigationStackTitleView.swift */ = {isa = PBXFileReference; lastKnownFileType = sourcecode.swift; path = CustomiPadNavigationStackTitleView.swift; sourceTree = "<group>"; };
		F66E0B862DE33EF800D68897 /* Appearance.swift */ = {isa = PBXFileReference; lastKnownFileType = sourcecode.swift; path = Appearance.swift; sourceTree = "<group>"; };
		F66E0B872DE33EF800D68897 /* DistanceUnit.swift */ = {isa = PBXFileReference; lastKnownFileType = sourcecode.swift; path = DistanceUnit.swift; sourceTree = "<group>"; };
		F66E0B892DE33EF800D68897 /* CompactSettingsPopoverView.swift */ = {isa = PBXFileReference; lastKnownFileType = sourcecode.swift; path = CompactSettingsPopoverView.swift; sourceTree = "<group>"; };
		F66E0B8A2DE33EF800D68897 /* SettingsButtonView.swift */ = {isa = PBXFileReference; lastKnownFileType = sourcecode.swift; path = SettingsButtonView.swift; sourceTree = "<group>"; };
		F66E0B922DE33F1200D68897 /* AvailablePaymentMethodsChecks.swift */ = {isa = PBXFileReference; lastKnownFileType = sourcecode.swift; path = AvailablePaymentMethodsChecks.swift; sourceTree = "<group>"; };
		F66E0B932DE33F1200D68897 /* BtcMapCall.swift */ = {isa = PBXFileReference; lastKnownFileType = sourcecode.swift; path = BtcMapCall.swift; sourceTree = "<group>"; };
		F66E0B942DE33F1200D68897 /* Extensions.swift */ = {isa = PBXFileReference; lastKnownFileType = sourcecode.swift; path = Extensions.swift; sourceTree = "<group>"; };
		F66E0B952DE33F1200D68897 /* LRUCache.swift */ = {isa = PBXFileReference; lastKnownFileType = sourcecode.swift; path = LRUCache.swift; sourceTree = "<group>"; };
		F66E0B962DE33F1200D68897 /* PreferenceKeys.swift */ = {isa = PBXFileReference; lastKnownFileType = sourcecode.swift; path = PreferenceKeys.swift; sourceTree = "<group>"; };
		F66E0B982DE33F1200D68897 /* ContentViewModel.swift */ = {isa = PBXFileReference; lastKnownFileType = sourcecode.swift; path = ContentViewModel.swift; sourceTree = "<group>"; };
		F66E0B9A2DE33F1200D68897 /* AboutView.swift */ = {isa = PBXFileReference; lastKnownFileType = sourcecode.swift; path = AboutView.swift; sourceTree = "<group>"; };
		F66E0B9B2DE33F1200D68897 /* ContentView.swift */ = {isa = PBXFileReference; lastKnownFileType = sourcecode.swift; path = ContentView.swift; sourceTree = "<group>"; };
		F66E0B9C2DE33F1200D68897 /* EarlierThaniOS170View.swift */ = {isa = PBXFileReference; lastKnownFileType = sourcecode.swift; path = EarlierThaniOS170View.swift; sourceTree = "<group>"; };
		F66E0B9D2DE33F1200D68897 /* InfoButtonView.swift */ = {isa = PBXFileReference; lastKnownFileType = sourcecode.swift; path = InfoButtonView.swift; sourceTree = "<group>"; };
		F66E0B9E2DE33F1200D68897 /* IPhoneHeaderView.swift */ = {isa = PBXFileReference; lastKnownFileType = sourcecode.swift; path = IPhoneHeaderView.swift; sourceTree = "<group>"; };
		F66E0B9F2DE33F1200D68897 /* MainView.swift */ = {isa = PBXFileReference; lastKnownFileType = sourcecode.swift; path = MainView.swift; sourceTree = "<group>"; };
		F66E0BAE2DE340CB00D68897 /* Element.swift */ = {isa = PBXFileReference; lastKnownFileType = sourcecode.swift; path = Element.swift; sourceTree = "<group>"; };
		F66E0BB02DE35B9100D68897 /* AppearanceManager.swift */ = {isa = PBXFileReference; lastKnownFileType = sourcecode.swift; path = AppearanceManager.swift; sourceTree = "<group>"; };
		F67937602DE205E400A49AC3 /* Assets.xcassets */ = {isa = PBXFileReference; lastKnownFileType = folder.assetcatalog; path = Assets.xcassets; sourceTree = "<group>"; };
		F67937622DE205F700A49AC3 /* bitlocal.entitlements */ = {isa = PBXFileReference; lastKnownFileType = text.plist.entitlements; path = bitlocal.entitlements; sourceTree = "<group>"; };
		F67937652DE2065E00A49AC3 /* bitlocalApp.swift */ = {isa = PBXFileReference; lastKnownFileType = sourcecode.swift; path = bitlocalApp.swift; sourceTree = "<group>"; };
		F67937672DE206D200A49AC3 /* CustomFonts.swift */ = {isa = PBXFileReference; lastKnownFileType = sourcecode.swift; path = CustomFonts.swift; sourceTree = "<group>"; };
		F67937752DE206E800A49AC3 /* Info.plist */ = {isa = PBXFileReference; lastKnownFileType = text.plist.xml; path = Info.plist; sourceTree = "<group>"; };
		F67937772DE206F000A49AC3 /* LICENSE */ = {isa = PBXFileReference; lastKnownFileType = text; path = LICENSE; sourceTree = "<group>"; };
		F6B565BF2DA322FD00EE992E /* bitlocal.app */ = {isa = PBXFileReference; explicitFileType = wrapper.application; includeInIndex = 0; path = bitlocal.app; sourceTree = BUILT_PRODUCTS_DIR; };
		F6B565F62DA327BE00EE992E /* CoreLocation.framework */ = {isa = PBXFileReference; lastKnownFileType = wrapper.framework; name = CoreLocation.framework; path = Platforms/iPhoneOS.platform/Developer/SDKs/iPhoneOS18.4.sdk/System/Library/Frameworks/CoreLocation.framework; sourceTree = DEVELOPER_DIR; };
		F6EFC28D2DE69FAF00D573E1 /* RootView.swift */ = {isa = PBXFileReference; lastKnownFileType = sourcecode.swift; path = RootView.swift; sourceTree = "<group>"; };
		F6EFC2912DE6A07900D573E1 /* OnboardingView.swift */ = {isa = PBXFileReference; lastKnownFileType = sourcecode.swift; path = OnboardingView.swift; sourceTree = "<group>"; };
		F6EFC2922DE6A09300D573E1 /* LoadingScreenView.swift */ = {isa = PBXFileReference; lastKnownFileType = sourcecode.swift; path = LoadingScreenView.swift; sourceTree = "<group>"; };
/* End PBXFileReference section */

/* Begin PBXFrameworksBuildPhase section */
		F6B565BC2DA322FD00EE992E /* Frameworks */ = {
			isa = PBXFrameworksBuildPhase;
			buildActionMask = 2147483647;
			files = (
				F6B565F72DA327BE00EE992E /* CoreLocation.framework in Frameworks */,
			);
			runOnlyForDeploymentPostprocessing = 0;
		};
/* End PBXFrameworksBuildPhase section */

/* Begin PBXGroup section */
		F66E0B692DE33ED800D68897 /* Models */ = {
			isa = PBXGroup;
			children = (
				F66E0B682DE33ED800D68897 /* Annotation.swift */,
			);
			path = Models;
			sourceTree = "<group>";
		};
		F66E0B6A2DE33ED800D68897 /* ViewModels */ = {
			isa = PBXGroup;
			children = (
			);
			path = ViewModels;
			sourceTree = "<group>";
		};
		F66E0B712DE33ED800D68897 /* Views */ = {
			isa = PBXGroup;
			children = (
				F66E0B6F2DE33ED800D68897 /* MapView.swift */,
				F66E0B6C2DE33ED800D68897 /* IPadLayoutView.swift */,
				F66E0B6D2DE33ED800D68897 /* IPhoneLayoutView.swift */,
				F66E0B6B2DE33ED800D68897 /* AnnotationView.swift */,
				F66E0B6E2DE33ED800D68897 /* MapButtonsView.swift */,
				F66E0B702DE33ED800D68897 /* OpenStreetMapAttributionView.swift */,
			);
			path = Views;
			sourceTree = "<group>";
		};
		F66E0B722DE33ED800D68897 /* Map */ = {
			isa = PBXGroup;
			children = (
				F66E0B692DE33ED800D68897 /* Models */,
				F66E0B6A2DE33ED800D68897 /* ViewModels */,
				F66E0B712DE33ED800D68897 /* Views */,
			);
			path = Map;
			sourceTree = "<group>";
		};
		F66E0B7A2DE33EE600D68897 /* Models */ = {
			isa = PBXGroup;
			children = (
				F6004F912DEB7E30001183AE /* ElementCategorySymbols.swift */,
				F66E0BAE2DE340CB00D68897 /* Element.swift */,
			);
			path = Models;
			sourceTree = "<group>";
		};
		F66E0B7B2DE33EE600D68897 /* ViewModels */ = {
			isa = PBXGroup;
			children = (
			);
			path = ViewModels;
			sourceTree = "<group>";
		};
		F66E0B802DE33EE600D68897 /* Views */ = {
			isa = PBXGroup;
			children = (
				F66E0B7C2DE33EE600D68897 /* BottomSheetContentView.swift */,
				F66E0B7E2DE33EE600D68897 /* BusinessesListView.swift */,
				F66E0B7D2DE33EE600D68897 /* BusinessDetailView.swift */,
				F66E0B7F2DE33EE600D68897 /* CustomiPadNavigationStackTitleView.swift */,
			);
			path = Views;
			sourceTree = "<group>";
		};
		F66E0B812DE33EE600D68897 /* Businesses */ = {
			isa = PBXGroup;
			children = (
				F66E0B7A2DE33EE600D68897 /* Models */,
				F66E0B7B2DE33EE600D68897 /* ViewModels */,
				F66E0B802DE33EE600D68897 /* Views */,
			);
			path = Businesses;
			sourceTree = "<group>";
		};
		F66E0B882DE33EF800D68897 /* Models */ = {
			isa = PBXGroup;
			children = (
				F66E0BB02DE35B9100D68897 /* AppearanceManager.swift */,
				F66E0B862DE33EF800D68897 /* Appearance.swift */,
				F66E0B872DE33EF800D68897 /* DistanceUnit.swift */,
			);
			path = Models;
			sourceTree = "<group>";
		};
		F66E0B8B2DE33EF800D68897 /* Views */ = {
			isa = PBXGroup;
			children = (
				F66E0B892DE33EF800D68897 /* CompactSettingsPopoverView.swift */,
				F66E0B8A2DE33EF800D68897 /* SettingsButtonView.swift */,
			);
			path = Views;
			sourceTree = "<group>";
		};
		F66E0B8C2DE33EF800D68897 /* Settings */ = {
			isa = PBXGroup;
			children = (
				F66E0B882DE33EF800D68897 /* Models */,
				F66E0B8B2DE33EF800D68897 /* Views */,
			);
			path = Settings;
			sourceTree = "<group>";
		};
		F66E0B972DE33F1200D68897 /* Helpers */ = {
			isa = PBXGroup;
			children = (
				F6004F952DED3F43001183AE /* Debug.swift */,
				F64093F42DE66D1700906C3E /* Localizable.xcstrings */,
				F66E0B922DE33F1200D68897 /* AvailablePaymentMethodsChecks.swift */,
				F66E0B932DE33F1200D68897 /* BtcMapCall.swift */,
				F66E0B942DE33F1200D68897 /* Extensions.swift */,
				F66E0B952DE33F1200D68897 /* LRUCache.swift */,
				F66E0B962DE33F1200D68897 /* PreferenceKeys.swift */,
			);
			path = Helpers;
			sourceTree = "<group>";
		};
		F66E0B992DE33F1200D68897 /* ViewModels */ = {
			isa = PBXGroup;
			children = (
				F66E0B982DE33F1200D68897 /* ContentViewModel.swift */,
			);
			path = ViewModels;
			sourceTree = "<group>";
		};
		F66E0BA02DE33F1200D68897 /* Views */ = {
			isa = PBXGroup;
			children = (
				F66E0B9F2DE33F1200D68897 /* MainView.swift */,
				F6EFC28D2DE69FAF00D573E1 /* RootView.swift */,
				F66E0B9B2DE33F1200D68897 /* ContentView.swift */,
				F66E0B9E2DE33F1200D68897 /* IPhoneHeaderView.swift */,
				F66E0B9A2DE33F1200D68897 /* AboutView.swift */,
				F66E0B9D2DE33F1200D68897 /* InfoButtonView.swift */,
				F6EFC2922DE6A09300D573E1 /* LoadingScreenView.swift */,
				F66E0B9C2DE33F1200D68897 /* EarlierThaniOS170View.swift */,
			);
			path = Views;
			sourceTree = "<group>";
		};
		F66E0BA12DE33F1200D68897 /* Shared */ = {
			isa = PBXGroup;
			children = (
				F66E0B972DE33F1200D68897 /* Helpers */,
				F66E0B992DE33F1200D68897 /* ViewModels */,
				F66E0BA02DE33F1200D68897 /* Views */,
			);
			path = Shared;
			sourceTree = "<group>";
		};
		F67937682DE206D200A49AC3 /* Fonts */ = {
			isa = PBXGroup;
			children = (
				F67937672DE206D200A49AC3 /* CustomFonts.swift */,
			);
			path = Fonts;
			sourceTree = "<group>";
		};
		F679377B2DE2070D00A49AC3 /* Resources */ = {
			isa = PBXGroup;
			children = (
				F60AC73C2DE50E9D007863F6 /* Fredoka-Medium.ttf */,
			);
			path = Resources;
			sourceTree = "<group>";
		};
		F6B565B62DA322FD00EE992E = {
			isa = PBXGroup;
			children = (
				F6EFC28F2DE6A06F00D573E1 /* Onboarding */,
				F66E0BA12DE33F1200D68897 /* Shared */,
				F66E0B722DE33ED800D68897 /* Map */,
				F66E0B812DE33EE600D68897 /* Businesses */,
				F66E0B8C2DE33EF800D68897 /* Settings */,
				F67937682DE206D200A49AC3 /* Fonts */,
				F67937652DE2065E00A49AC3 /* bitlocalApp.swift */,
				F67937622DE205F700A49AC3 /* bitlocal.entitlements */,
				F67937602DE205E400A49AC3 /* Assets.xcassets */,
				F679377B2DE2070D00A49AC3 /* Resources */,
				F67937772DE206F000A49AC3 /* LICENSE */,
				F67937752DE206E800A49AC3 /* Info.plist */,
				F6B565F52DA327BD00EE992E /* Frameworks */,
				F6B565C02DA322FD00EE992E /* Products */,
			);
			sourceTree = "<group>";
		};
		F6B565C02DA322FD00EE992E /* Products */ = {
			isa = PBXGroup;
			children = (
				F6B565BF2DA322FD00EE992E /* bitlocal.app */,
			);
			name = Products;
			sourceTree = "<group>";
		};
		F6B565F52DA327BD00EE992E /* Frameworks */ = {
			isa = PBXGroup;
			children = (
				F6B565F62DA327BE00EE992E /* CoreLocation.framework */,
			);
			name = Frameworks;
			sourceTree = "<group>";
		};
		F6EFC28F2DE6A06F00D573E1 /* Onboarding */ = {
			isa = PBXGroup;
			children = (
				F6EFC2902DE6A07600D573E1 /* Views */,
			);
			path = Onboarding;
			sourceTree = "<group>";
		};
		F6EFC2902DE6A07600D573E1 /* Views */ = {
			isa = PBXGroup;
			children = (
				F6EFC2912DE6A07900D573E1 /* OnboardingView.swift */,
			);
			path = Views;
			sourceTree = "<group>";
		};
/* End PBXGroup section */

/* Begin PBXNativeTarget section */
		F6B565BE2DA322FD00EE992E /* bitlocal */ = {
			isa = PBXNativeTarget;
			buildConfigurationList = F6B565CB2DA322FE00EE992E /* Build configuration list for PBXNativeTarget "bitlocal" */;
			buildPhases = (
				F6B565BB2DA322FD00EE992E /* Sources */,
				F6B565BC2DA322FD00EE992E /* Frameworks */,
				F6B565BD2DA322FD00EE992E /* Resources */,
			);
			buildRules = (
			);
			dependencies = (
			);
			name = bitlocal;
			packageProductDependencies = (
			);
			productName = bitlocal;
			productReference = F6B565BF2DA322FD00EE992E /* bitlocal.app */;
			productType = "com.apple.product-type.application";
		};
/* End PBXNativeTarget section */

/* Begin PBXProject section */
		F6B565B72DA322FD00EE992E /* Project object */ = {
			isa = PBXProject;
			attributes = {
				BuildIndependentTargetsInParallel = 1;
				LastSwiftUpdateCheck = 1630;
				LastUpgradeCheck = 2600;
				TargetAttributes = {
					F6B565BE2DA322FD00EE992E = {
						CreatedOnToolsVersion = 16.3;
						LastSwiftMigration = 1630;
					};
				};
			};
			buildConfigurationList = F6B565BA2DA322FD00EE992E /* Build configuration list for PBXProject "bitlocal" */;
			developmentRegion = en;
			hasScannedForEncodings = 0;
			knownRegions = (
				en,
				Base,
				es,
				"es-419",
				nl,
				fr,
				de,
				it,
				th,
				"fr-CA",
			);
			mainGroup = F6B565B62DA322FD00EE992E;
			minimizedProjectReferenceProxies = 1;
			packageReferences = (
			);
			preferredProjectObjectVersion = 77;
			productRefGroup = F6B565C02DA322FD00EE992E /* Products */;
			projectDirPath = "";
			projectRoot = "";
			targets = (
				F6B565BE2DA322FD00EE992E /* bitlocal */,
			);
		};
/* End PBXProject section */

/* Begin PBXResourcesBuildPhase section */
		F6B565BD2DA322FD00EE992E /* Resources */ = {
			isa = PBXResourcesBuildPhase;
			buildActionMask = 2147483647;
			files = (
				F67937782DE206F000A49AC3 /* LICENSE in Resources */,
				F67937612DE205E400A49AC3 /* Assets.xcassets in Resources */,
				F64093F52DE66D1700906C3E /* Localizable.xcstrings in Resources */,
				F60AC73D2DE50E9D007863F6 /* Fredoka-Medium.ttf in Resources */,
			);
			runOnlyForDeploymentPostprocessing = 0;
		};
/* End PBXResourcesBuildPhase section */

/* Begin PBXSourcesBuildPhase section */
		F6B565BB2DA322FD00EE992E /* Sources */ = {
			isa = PBXSourcesBuildPhase;
			buildActionMask = 2147483647;
			files = (
				F66E0BB12DE35B9100D68897 /* AppearanceManager.swift in Sources */,
				F67937662DE2065E00A49AC3 /* bitlocalApp.swift in Sources */,
				F67937692DE206D200A49AC3 /* CustomFonts.swift in Sources */,
				F66E0B732DE33ED800D68897 /* MapView.swift in Sources */,
				F66E0B742DE33ED800D68897 /* OpenStreetMapAttributionView.swift in Sources */,
				F66E0B752DE33ED800D68897 /* IPadLayoutView.swift in Sources */,
				F66E0B762DE33ED800D68897 /* MapButtonsView.swift in Sources */,
				F66E0B772DE33ED800D68897 /* AnnotationView.swift in Sources */,
				F6EFC28E2DE69FAF00D573E1 /* RootView.swift in Sources */,
				F66E0B782DE33ED800D68897 /* Annotation.swift in Sources */,
				F66E0B792DE33ED800D68897 /* IPhoneLayoutView.swift in Sources */,
				F66E0B8D2DE33EF800D68897 /* DistanceUnit.swift in Sources */,
				F66E0B8E2DE33EF800D68897 /* SettingsButtonView.swift in Sources */,
				F6004F962DED3F43001183AE /* Debug.swift in Sources */,
				F66E0B8F2DE33EF800D68897 /* Appearance.swift in Sources */,
				F66E0B902DE33EF800D68897 /* CompactSettingsPopoverView.swift in Sources */,
				F60C1D2F2DE6A1E000F9AA06 /* OnboardingView.swift in Sources */,
				F66E0B822DE33EE600D68897 /* BusinessDetailView.swift in Sources */,
				F66E0BAF2DE340CB00D68897 /* Element.swift in Sources */,
				F66E0B832DE33EE600D68897 /* CustomiPadNavigationStackTitleView.swift in Sources */,
				F6004F922DEB7E30001183AE /* ElementCategorySymbols.swift in Sources */,
				F66E0B842DE33EE600D68897 /* BusinessesListView.swift in Sources */,
				F66E0B852DE33EE600D68897 /* BottomSheetContentView.swift in Sources */,
				F66E0BA22DE33F1200D68897 /* LRUCache.swift in Sources */,
				F66E0BA32DE33F1200D68897 /* AvailablePaymentMethodsChecks.swift in Sources */,
				F66E0BA42DE33F1200D68897 /* IPhoneHeaderView.swift in Sources */,
				F66E0BA52DE33F1200D68897 /* Extensions.swift in Sources */,
				F66E0BA62DE33F1200D68897 /* BtcMapCall.swift in Sources */,
				F66E0BA72DE33F1200D68897 /* ContentView.swift in Sources */,
				F66E0BA82DE33F1200D68897 /* MainView.swift in Sources */,
				F66E0BA92DE33F1200D68897 /* AboutView.swift in Sources */,
				F66E0BAA2DE33F1200D68897 /* PreferenceKeys.swift in Sources */,
				F6EFC2932DE6A09300D573E1 /* LoadingScreenView.swift in Sources */,
				F66E0BAB2DE33F1200D68897 /* EarlierThaniOS170View.swift in Sources */,
				F66E0BAC2DE33F1200D68897 /* ContentViewModel.swift in Sources */,
				F66E0BAD2DE33F1200D68897 /* InfoButtonView.swift in Sources */,
			);
			runOnlyForDeploymentPostprocessing = 0;
		};
/* End PBXSourcesBuildPhase section */

/* Begin XCBuildConfiguration section */
		F6B565C92DA322FE00EE992E /* Debug */ = {
			isa = XCBuildConfiguration;
			buildSettings = {
				ALWAYS_SEARCH_USER_PATHS = NO;
				ASSETCATALOG_COMPILER_GENERATE_SWIFT_ASSET_SYMBOL_EXTENSIONS = YES;
				CLANG_ANALYZER_LOCALIZABILITY_NONLOCALIZED = YES;
				CLANG_ANALYZER_NONNULL = YES;
				CLANG_ANALYZER_NUMBER_OBJECT_CONVERSION = YES_AGGRESSIVE;
				CLANG_CXX_LANGUAGE_STANDARD = "gnu++20";
				CLANG_ENABLE_MODULES = YES;
				CLANG_ENABLE_OBJC_ARC = YES;
				CLANG_ENABLE_OBJC_WEAK = YES;
				CLANG_WARN_BLOCK_CAPTURE_AUTORELEASING = YES;
				CLANG_WARN_BOOL_CONVERSION = YES;
				CLANG_WARN_COMMA = YES;
				CLANG_WARN_CONSTANT_CONVERSION = YES;
				CLANG_WARN_DEPRECATED_OBJC_IMPLEMENTATIONS = YES;
				CLANG_WARN_DIRECT_OBJC_ISA_USAGE = YES_ERROR;
				CLANG_WARN_DOCUMENTATION_COMMENTS = YES;
				CLANG_WARN_EMPTY_BODY = YES;
				CLANG_WARN_ENUM_CONVERSION = YES;
				CLANG_WARN_INFINITE_RECURSION = YES;
				CLANG_WARN_INT_CONVERSION = YES;
				CLANG_WARN_NON_LITERAL_NULL_CONVERSION = YES;
				CLANG_WARN_OBJC_IMPLICIT_RETAIN_SELF = YES;
				CLANG_WARN_OBJC_LITERAL_CONVERSION = YES;
				CLANG_WARN_OBJC_ROOT_CLASS = YES_ERROR;
				CLANG_WARN_QUOTED_INCLUDE_IN_FRAMEWORK_HEADER = YES;
				CLANG_WARN_RANGE_LOOP_ANALYSIS = YES;
				CLANG_WARN_STRICT_PROTOTYPES = YES;
				CLANG_WARN_SUSPICIOUS_MOVE = YES;
				CLANG_WARN_UNGUARDED_AVAILABILITY = YES_AGGRESSIVE;
				CLANG_WARN_UNREACHABLE_CODE = YES;
				CLANG_WARN__DUPLICATE_METHOD_MATCH = YES;
				COPY_PHASE_STRIP = NO;
				DEAD_CODE_STRIPPING = YES;
				DEBUG_INFORMATION_FORMAT = dwarf;
				DEVELOPMENT_TEAM = 5YUMLYCFT8;
				ENABLE_STRICT_OBJC_MSGSEND = YES;
				ENABLE_TESTABILITY = YES;
				ENABLE_USER_SCRIPT_SANDBOXING = YES;
				GCC_C_LANGUAGE_STANDARD = gnu17;
				GCC_DYNAMIC_NO_PIC = NO;
				GCC_NO_COMMON_BLOCKS = YES;
				GCC_OPTIMIZATION_LEVEL = 0;
				GCC_PREPROCESSOR_DEFINITIONS = (
					"DEBUG=1",
					"$(inherited)",
				);
				GCC_WARN_64_TO_32_BIT_CONVERSION = YES;
				GCC_WARN_ABOUT_RETURN_TYPE = YES_ERROR;
				GCC_WARN_UNDECLARED_SELECTOR = YES;
				GCC_WARN_UNINITIALIZED_AUTOS = YES_AGGRESSIVE;
				GCC_WARN_UNUSED_FUNCTION = YES;
				GCC_WARN_UNUSED_VARIABLE = YES;
				LOCALIZATION_PREFERS_STRING_CATALOGS = YES;
				MTL_ENABLE_DEBUG_INFO = INCLUDE_SOURCE;
				MTL_FAST_MATH = YES;
				ONLY_ACTIVE_ARCH = YES;
				STRING_CATALOG_GENERATE_SYMBOLS = YES;
				SWIFT_ACTIVE_COMPILATION_CONDITIONS = "DEBUG $(inherited)";
				SWIFT_EMIT_LOC_STRINGS = YES;
				SWIFT_OPTIMIZATION_LEVEL = "-Onone";
			};
			name = Debug;
		};
		F6B565CA2DA322FE00EE992E /* Release */ = {
			isa = XCBuildConfiguration;
			buildSettings = {
				ALWAYS_SEARCH_USER_PATHS = NO;
				ASSETCATALOG_COMPILER_GENERATE_SWIFT_ASSET_SYMBOL_EXTENSIONS = YES;
				CLANG_ANALYZER_LOCALIZABILITY_NONLOCALIZED = YES;
				CLANG_ANALYZER_NONNULL = YES;
				CLANG_ANALYZER_NUMBER_OBJECT_CONVERSION = YES_AGGRESSIVE;
				CLANG_CXX_LANGUAGE_STANDARD = "gnu++20";
				CLANG_ENABLE_MODULES = YES;
				CLANG_ENABLE_OBJC_ARC = YES;
				CLANG_ENABLE_OBJC_WEAK = YES;
				CLANG_WARN_BLOCK_CAPTURE_AUTORELEASING = YES;
				CLANG_WARN_BOOL_CONVERSION = YES;
				CLANG_WARN_COMMA = YES;
				CLANG_WARN_CONSTANT_CONVERSION = YES;
				CLANG_WARN_DEPRECATED_OBJC_IMPLEMENTATIONS = YES;
				CLANG_WARN_DIRECT_OBJC_ISA_USAGE = YES_ERROR;
				CLANG_WARN_DOCUMENTATION_COMMENTS = YES;
				CLANG_WARN_EMPTY_BODY = YES;
				CLANG_WARN_ENUM_CONVERSION = YES;
				CLANG_WARN_INFINITE_RECURSION = YES;
				CLANG_WARN_INT_CONVERSION = YES;
				CLANG_WARN_NON_LITERAL_NULL_CONVERSION = YES;
				CLANG_WARN_OBJC_IMPLICIT_RETAIN_SELF = YES;
				CLANG_WARN_OBJC_LITERAL_CONVERSION = YES;
				CLANG_WARN_OBJC_ROOT_CLASS = YES_ERROR;
				CLANG_WARN_QUOTED_INCLUDE_IN_FRAMEWORK_HEADER = YES;
				CLANG_WARN_RANGE_LOOP_ANALYSIS = YES;
				CLANG_WARN_STRICT_PROTOTYPES = YES;
				CLANG_WARN_SUSPICIOUS_MOVE = YES;
				CLANG_WARN_UNGUARDED_AVAILABILITY = YES_AGGRESSIVE;
				CLANG_WARN_UNREACHABLE_CODE = YES;
				CLANG_WARN__DUPLICATE_METHOD_MATCH = YES;
				COPY_PHASE_STRIP = NO;
				DEAD_CODE_STRIPPING = YES;
				DEBUG_INFORMATION_FORMAT = "dwarf-with-dsym";
				DEVELOPMENT_TEAM = 5YUMLYCFT8;
				ENABLE_NS_ASSERTIONS = NO;
				ENABLE_STRICT_OBJC_MSGSEND = YES;
				ENABLE_USER_SCRIPT_SANDBOXING = YES;
				GCC_C_LANGUAGE_STANDARD = gnu17;
				GCC_NO_COMMON_BLOCKS = YES;
				GCC_WARN_64_TO_32_BIT_CONVERSION = YES;
				GCC_WARN_ABOUT_RETURN_TYPE = YES_ERROR;
				GCC_WARN_UNDECLARED_SELECTOR = YES;
				GCC_WARN_UNINITIALIZED_AUTOS = YES_AGGRESSIVE;
				GCC_WARN_UNUSED_FUNCTION = YES;
				GCC_WARN_UNUSED_VARIABLE = YES;
				LOCALIZATION_PREFERS_STRING_CATALOGS = YES;
				MTL_ENABLE_DEBUG_INFO = NO;
				MTL_FAST_MATH = YES;
				STRING_CATALOG_GENERATE_SYMBOLS = YES;
				SWIFT_COMPILATION_MODE = wholemodule;
				SWIFT_EMIT_LOC_STRINGS = YES;
			};
			name = Release;
		};
		F6B565CC2DA322FE00EE992E /* Debug */ = {
			isa = XCBuildConfiguration;
			buildSettings = {
				ASSETCATALOG_COMPILER_APPICON_NAME = AppIcon;
				ASSETCATALOG_COMPILER_GLOBAL_ACCENT_COLOR_NAME = AccentColor;
				CLANG_ENABLE_MODULES = YES;
				CODE_SIGN_ENTITLEMENTS = bitlocal.entitlements;
				CODE_SIGN_STYLE = Automatic;
				CURRENT_PROJECT_VERSION = 39;
				DEAD_CODE_STRIPPING = YES;
				DEVELOPMENT_TEAM = 5YUMLYCFT8;
				ENABLE_APP_SANDBOX = YES;
				ENABLE_HARDENED_RUNTIME = YES;
				ENABLE_PREVIEWS = YES;
				ENABLE_RESOURCE_ACCESS_LOCATION = YES;
				ENABLE_USER_SELECTED_FILES = readonly;
				GENERATE_INFOPLIST_FILE = NO;
				INFOPLIST_FILE = Info.plist;
				INFOPLIST_KEY_CFBundleDisplayName = BitLocal;
				INFOPLIST_KEY_LSApplicationCategoryType = "public.app-category.lifestyle";
				"INFOPLIST_KEY_UIApplicationSceneManifest_Generation[sdk=iphoneos*]" = YES;
				"INFOPLIST_KEY_UIApplicationSceneManifest_Generation[sdk=iphonesimulator*]" = YES;
				"INFOPLIST_KEY_UIApplicationSupportsIndirectInputEvents[sdk=iphoneos*]" = YES;
				"INFOPLIST_KEY_UIApplicationSupportsIndirectInputEvents[sdk=iphonesimulator*]" = YES;
				"INFOPLIST_KEY_UILaunchScreen_Generation[sdk=iphoneos*]" = YES;
				"INFOPLIST_KEY_UILaunchScreen_Generation[sdk=iphonesimulator*]" = YES;
				"INFOPLIST_KEY_UIStatusBarStyle[sdk=iphoneos*]" = UIStatusBarStyleDefault;
				"INFOPLIST_KEY_UIStatusBarStyle[sdk=iphonesimulator*]" = UIStatusBarStyleDefault;
				INFOPLIST_KEY_UISupportedInterfaceOrientations = UIInterfaceOrientationPortrait;
				INFOPLIST_KEY_UISupportedInterfaceOrientations_iPad = "UIInterfaceOrientationLandscapeLeft UIInterfaceOrientationLandscapeRight UIInterfaceOrientationPortrait UIInterfaceOrientationPortraitUpsideDown";
				IPHONEOS_DEPLOYMENT_TARGET = 17.0;
				LD_RUNPATH_SEARCH_PATHS = "@executable_path/Frameworks";
				"LD_RUNPATH_SEARCH_PATHS[sdk=macosx*]" = "@executable_path/../Frameworks";
				MACOSX_DEPLOYMENT_TARGET = 13.0;
				MARKETING_VERSION = 2.0.1;
				PRODUCT_BUNDLE_IDENTIFIER = app.bitlocal.bitlocal;
				PRODUCT_NAME = "$(TARGET_NAME)";
				REGISTER_APP_GROUPS = YES;
				SDKROOT = auto;
				SUPPORTED_PLATFORMS = "iphoneos iphonesimulator";
				SUPPORTS_MACCATALYST = YES;
				SWIFT_EMIT_LOC_STRINGS = YES;
				SWIFT_OPTIMIZATION_LEVEL = "-Onone";
				SWIFT_VERSION = 5.0;
				TARGETED_DEVICE_FAMILY = "1,2";
				XROS_DEPLOYMENT_TARGET = 2.0;
			};
			name = Debug;
		};
		F6B565CD2DA322FE00EE992E /* Release */ = {
			isa = XCBuildConfiguration;
			buildSettings = {
				ASSETCATALOG_COMPILER_APPICON_NAME = AppIcon;
				ASSETCATALOG_COMPILER_GLOBAL_ACCENT_COLOR_NAME = AccentColor;
				CLANG_ENABLE_MODULES = YES;
				CODE_SIGN_ENTITLEMENTS = bitlocal.entitlements;
				CODE_SIGN_STYLE = Automatic;
				CURRENT_PROJECT_VERSION = 39;
				DEAD_CODE_STRIPPING = YES;
				DEVELOPMENT_TEAM = 5YUMLYCFT8;
				ENABLE_APP_SANDBOX = YES;
				ENABLE_HARDENED_RUNTIME = YES;
				ENABLE_PREVIEWS = YES;
				ENABLE_RESOURCE_ACCESS_LOCATION = YES;
				ENABLE_USER_SELECTED_FILES = readonly;
				GENERATE_INFOPLIST_FILE = NO;
				INFOPLIST_FILE = Info.plist;
				INFOPLIST_KEY_CFBundleDisplayName = BitLocal;
				INFOPLIST_KEY_LSApplicationCategoryType = "public.app-category.lifestyle";
				"INFOPLIST_KEY_UIApplicationSceneManifest_Generation[sdk=iphoneos*]" = YES;
				"INFOPLIST_KEY_UIApplicationSceneManifest_Generation[sdk=iphonesimulator*]" = YES;
				"INFOPLIST_KEY_UIApplicationSupportsIndirectInputEvents[sdk=iphoneos*]" = YES;
				"INFOPLIST_KEY_UIApplicationSupportsIndirectInputEvents[sdk=iphonesimulator*]" = YES;
				"INFOPLIST_KEY_UILaunchScreen_Generation[sdk=iphoneos*]" = YES;
				"INFOPLIST_KEY_UILaunchScreen_Generation[sdk=iphonesimulator*]" = YES;
				"INFOPLIST_KEY_UIStatusBarStyle[sdk=iphoneos*]" = UIStatusBarStyleDefault;
				"INFOPLIST_KEY_UIStatusBarStyle[sdk=iphonesimulator*]" = UIStatusBarStyleDefault;
				INFOPLIST_KEY_UISupportedInterfaceOrientations = UIInterfaceOrientationPortrait;
				INFOPLIST_KEY_UISupportedInterfaceOrientations_iPad = "UIInterfaceOrientationLandscapeLeft UIInterfaceOrientationLandscapeRight UIInterfaceOrientationPortrait UIInterfaceOrientationPortraitUpsideDown";
				IPHONEOS_DEPLOYMENT_TARGET = 17.0;
				LD_RUNPATH_SEARCH_PATHS = "@executable_path/Frameworks";
				"LD_RUNPATH_SEARCH_PATHS[sdk=macosx*]" = "@executable_path/../Frameworks";
				MACOSX_DEPLOYMENT_TARGET = 13.0;
				MARKETING_VERSION = 2.0.1;
				PRODUCT_BUNDLE_IDENTIFIER = app.bitlocal.bitlocal;
				PRODUCT_NAME = "$(TARGET_NAME)";
				REGISTER_APP_GROUPS = YES;
				SDKROOT = auto;
				SUPPORTED_PLATFORMS = "iphoneos iphonesimulator";
				SUPPORTS_MACCATALYST = YES;
				SWIFT_EMIT_LOC_STRINGS = YES;
				SWIFT_VERSION = 5.0;
				TARGETED_DEVICE_FAMILY = "1,2";
				XROS_DEPLOYMENT_TARGET = 2.0;
			};
			name = Release;
		};
/* End XCBuildConfiguration section */

/* Begin XCConfigurationList section */
		F6B565BA2DA322FD00EE992E /* Build configuration list for PBXProject "bitlocal" */ = {
			isa = XCConfigurationList;
			buildConfigurations = (
				F6B565C92DA322FE00EE992E /* Debug */,
				F6B565CA2DA322FE00EE992E /* Release */,
			);
			defaultConfigurationIsVisible = 0;
			defaultConfigurationName = Release;
		};
		F6B565CB2DA322FE00EE992E /* Build configuration list for PBXNativeTarget "bitlocal" */ = {
			isa = XCConfigurationList;
			buildConfigurations = (
				F6B565CC2DA322FE00EE992E /* Debug */,
				F6B565CD2DA322FE00EE992E /* Release */,
			);
			defaultConfigurationIsVisible = 0;
			defaultConfigurationName = Release;
		};
/* End XCConfigurationList section */
	};
	rootObject = F6B565B72DA322FD00EE992E /* Project object */;
}
